<?xml version="1.0" encoding="utf-8"?>
<Project ToolsVersion="4.0" xmlns="http://schemas.microsoft.com/developer/msbuild/2003">
  <ItemGroup>
    <ClCompile Include="Init.cpp" />
    <ClCompile Include="Shader.cpp" />
    <ClCompile Include="D3D9RenderImpl.cpp" />
    <ClCompile Include="ExecuteShader.cpp" />
    <ClCompile Include="cpu_check.cpp" />
    <ClCompile Include="convert_to_packed_shader.cpp" />
    <ClCompile Include="convert_to_planar_shader.cpp" />
    <ClCompile Include="convert_from_packed_shader.cpp" />
    <ClCompile Include="convert_from_planar_shader.cpp" />
    <ClCompile Include="ConvertShader.cpp" />
    <ClCompile Include="MemoryPool.cpp" />
    <ClCompile Include="TextureList.cpp" />
    <ClCompile Include="Dither.cpp" />
    <ClCompile Include="D3D9Include.cpp" />
  </ItemGroup>
  <ItemGroup>
    <ClInclude Include="avisynth.h" />
    <ClInclude Include="Shader.h" />
    <ClInclude Include="D3D9RenderImpl.h" />
    <ClInclude Include="D3D9Macros.h" />
    <ClInclude Include="CommandStruct.h" />
    <ClInclude Include="ExecuteShader.h" />
    <ClInclude Include="avs\config.h">
      <Filter>avs</Filter>
    </ClInclude>
    <ClInclude Include="avs\capi.h">
      <Filter>avs</Filter>
    </ClInclude>
    <ClInclude Include="avs\types.h">
      <Filter>avs</Filter>
    </ClInclude>
    <ClInclude Include="avs\cpuid.h">
      <Filter>avs</Filter>
    </ClInclude>
    <ClInclude Include="avs\minmax.h">
      <Filter>avs</Filter>
    </ClInclude>
    <ClInclude Include="avs\win.h">
      <Filter>avs</Filter>
    </ClInclude>
    <ClInclude Include="avs\alignment.h">
      <Filter>avs</Filter>
    </ClInclude>
    <ClInclude Include="ConvertShader.h" />
    <ClInclude Include="MemoryPool.h" />
    <ClInclude Include="PooledTexture.h" />
    <ClInclude Include="InputTexture.h" />
    <ClInclude Include="TextureList.h" />
    <ClInclude Include="Dither.h" />
    <ClInclude Include="D3D9Include.h" />
    <ClInclude Include="resource.h" />
  </ItemGroup>
  <ItemGroup>
    <Filter Include="avs">
      <UniqueIdentifier>{5861a56f-1801-41cc-ad2d-7d3858f62b7b}</UniqueIdentifier>
    </Filter>
    <Filter Include="Shaders">
      <UniqueIdentifier>{c39feb87-4926-4941-90e7-58e792cd9e45}</UniqueIdentifier>
    </Filter>
  </ItemGroup>
  <ItemGroup>
    <ResourceCompile Include="Shader.rc" />
  </ItemGroup>
  <ItemGroup>
    <None Include="Shaders\Bicubic.cso" />
    <None Include="Shaders\Dither.cso" />
    <None Include="Shaders\GammaToLinear.cso" />
    <None Include="Shaders\GammaToYuvPc601.cso" />
    <None Include="Shaders\GammaToYuvPc709.cso" />
    <None Include="Shaders\GammaToYuvRec601.cso" />
    <None Include="Shaders\GammaToYuvRec709.cso" />
    <None Include="Shaders\LinearToGamma.cso" />
    <None Include="Shaders\LinearToYuvPc601.cso" />
    <None Include="Shaders\LinearToYuvPc709.cso" />
    <None Include="Shaders\LinearToYuvRec601.cso" />
    <None Include="Shaders\LinearToYuvRec709.cso" />
    <None Include="Shaders\OutputU.cso" />
    <None Include="Shaders\OutputV.cso" />
    <None Include="Shaders\OutputY.cso" />
    <None Include="Shaders\SSimCalc.cso" />
    <None Include="Shaders\SSimCalcR.cso" />
    <None Include="Shaders\SSimDownscaledVarI.cso" />
    <None Include="Shaders\SSimDownscaledVarII.cso" />
    <None Include="Shaders\SSimDownscalerX.cso" />
    <None Include="Shaders\SSimDownscalerY.cso" />
    <None Include="Shaders\SSimSinglePassConvolver.cso" />
    <None Include="Shaders\SSimSoftDownscalerX.cso" />
    <None Include="Shaders\SSimSoftDownscalerY.cso" />
    <None Include="Shaders\SuperRes.cso" />
    <None Include="Shaders\SuperResDownscaleAndDiff.cso" />
    <None Include="Shaders\SuperResDownscaleAndDiffPc601.cso" />
    <None Include="Shaders\SuperResDownscaleAndDiffPc709.cso" />
    <None Include="Shaders\SuperResDownscaleAndDiffRec601.cso" />
    <None Include="Shaders\SuperResDownscaleAndDiffRec709.cso" />
    <None Include="Shaders\SuperResFinal.cso" />
    <None Include="Shaders\SuperResFinalPc601.cso" />
    <None Include="Shaders\SuperResFinalPc709.cso" />
    <None Include="Shaders\SuperResFinalRec601.cso" />
    <None Include="Shaders\SuperResFinalRec709.cso" />
    <None Include="Shaders\SuperResSkipSoft.cso" />
    <None Include="Shaders\SuperXBR-pass0.cso" />
    <None Include="Shaders\SuperXBR-pass1.cso" />
    <None Include="Shaders\SuperXBR-pass2.cso" />
    <None Include="Shaders\YuvToGammaPc601.cso" />
    <None Include="Shaders\YuvToGammaPc709.cso" />
    <None Include="Shaders\YuvToGammaRec601.cso" />
    <None Include="Shaders\YuvToGammaRec709.cso" />
    <None Include="Shaders\YuvToLinearPc601.cso" />
    <None Include="Shaders\YuvToLinearPc709.cso" />
    <None Include="Shaders\YuvToLinearRec601.cso" />
    <None Include="Shaders\YuvToLinearRec709.cso" />
    <None Include="Shaders\YVToGammaPc601.cso" />
    <None Include="Shaders\YVToGammaPc709.cso" />
    <None Include="Shaders\YVToGammaRec601.cso" />
    <None Include="Shaders\YVToGammaRec709.cso" />
    <None Include="Shaders\YVToLinearPc601.cso" />
    <None Include="Shaders\YVToLinearPc709.cso" />
    <None Include="Shaders\YVToLinearRec601.cso" />
    <None Include="Shaders\YVToLinearRec709.cso" />
    <None Include="Shaders\YVToYuv.cso" />
  </ItemGroup>
</Project>