<?xml version="1.0" encoding="utf-8"?>
<Project ToolsVersion="4.0" xmlns="http://schemas.microsoft.com/developer/msbuild/2003">
  <ItemGroup>
    <ClCompile Include="Init.cpp" />
    <ClCompile Include="Shader.cpp" />
    <ClCompile Include="ConvertToFloat.cpp" />
    <ClCompile Include="ConvertFromFloat.cpp" />
    <ClCompile Include="D3D9RenderImpl.cpp" />
    <ClCompile Include="ProcessFrames.cpp" />
  </ItemGroup>
  <ItemGroup>
    <ClInclude Include="avisynth.h" />
    <ClInclude Include="Shader.h" />
    <ClInclude Include="ConvertToFloat.h" />
    <ClInclude Include="ConvertFromFloat.h" />
    <ClInclude Include="D3D9RenderImpl.h" />
    <ClInclude Include="D3D9Macros.h" />
    <ClInclude Include="CommandStruct.h" />
    <ClInclude Include="ProcessFrames.h" />
  </ItemGroup>
</Project>